
Microsoft Visual Studio Solution File, Format Version 12.00
# Visual Studio Version 17
VisualStudioVersion = 17.3.32901.215
MinimumVisualStudioVersion = 10.0.40219.1
Project("{9A19103F-16F7-4668-BE54-9A1E7A4F7556}") = "OcdServiceMono.API", "OcdServiceMono.API\OcdServiceMono.API.csproj", "{0F5B3C4D-2633-48EC-AEAC-25BBA658A15F}"
EndProject
Project("{9A19103F-16F7-4668-BE54-9A1E7A4F7556}") = "OcdServiceMono.InfraLib", "OcdServiceMono.InfraLib\OcdServiceMono.InfraLib.csproj", "{76FC5BE5-3E36-4F6C-B072-23E43520D813}"
EndProject
Project("{9A19103F-16F7-4668-BE54-9A1E7A4F7556}") = "OcdServiceMono.Lib", "OcdServiceMono.Lib\OcdServiceMono.Lib.csproj", "{45084DA8-EA8A-43ED-9F97-98436F87FBCC}"
EndProject
Project("{FAE04EC0-301F-11D3-BF4B-00C04F79EFBC}") = "CTV-MODULE-CMS-FRONTEND", "CTV-MODULE-CMS-FRONTEND\CTV-MODULE-CMS-FRONTEND.csproj", "{CA085414-515D-410E-90DA-B4B6BDE9247E}"
EndProject
Global
	GlobalSection(SolutionConfigurationPlatforms) = preSolution
		Debug|Any CPU = Debug|Any CPU
		Release|Any CPU = Release|Any CPU
	EndGlobalSection
	GlobalSection(ProjectConfigurationPlatforms) = postSolution
		{0F5B3C4D-2633-48EC-AEAC-25BBA658A15F}.Debug|Any CPU.ActiveCfg = Debug|Any CPU
		{0F5B3C4D-2633-48EC-AEAC-25BBA658A15F}.Debug|Any CPU.Build.0 = Debug|Any CPU
		{0F5B3C4D-2633-48EC-AEAC-25BBA658A15F}.Release|Any CPU.ActiveCfg = Release|Any CPU
		{0F5B3C4D-2633-48EC-AEAC-25BBA658A15F}.Release|Any CPU.Build.0 = Release|Any CPU
		{76FC5BE5-3E36-4F6C-B072-23E43520D813}.Debug|Any CPU.ActiveCfg = Debug|Any CPU
		{76FC5BE5-3E36-4F6C-B072-23E43520D813}.Debug|Any CPU.Build.0 = Debug|Any CPU
		{76FC5BE5-3E36-4F6C-B072-23E43520D813}.Release|Any CPU.ActiveCfg = Release|Any CPU
		{76FC5BE5-3E36-4F6C-B072-23E43520D813}.Release|Any CPU.Build.0 = Release|Any CPU
		{45084DA8-EA8A-43ED-9F97-98436F87FBCC}.Debug|Any CPU.ActiveCfg = Debug|Any CPU
		{45084DA8-EA8A-43ED-9F97-98436F87FBCC}.Debug|Any CPU.Build.0 = Debug|Any CPU
		{45084DA8-EA8A-43ED-9F97-98436F87FBCC}.Release|Any CPU.ActiveCfg = Release|Any CPU
		{45084DA8-EA8A-43ED-9F97-98436F87FBCC}.Release|Any CPU.Build.0 = Release|Any CPU
		{CA085414-515D-410E-90DA-B4B6BDE9247E}.Debug|Any CPU.ActiveCfg = Debug|Any CPU
		{CA085414-515D-410E-90DA-B4B6BDE9247E}.Debug|Any CPU.Build.0 = Debug|Any CPU
		{CA085414-515D-410E-90DA-B4B6BDE9247E}.Release|Any CPU.ActiveCfg = Release|Any CPU
		{CA085414-515D-410E-90DA-B4B6BDE9247E}.Release|Any CPU.Build.0 = Release|Any CPU
	EndGlobalSection
	GlobalSection(SolutionProperties) = preSolution
		HideSolutionNode = FALSE
	EndGlobalSection
	GlobalSection(ExtensibilityGlobals) = postSolution
		SolutionGuid = {DA4BB890-3033-47BC-BDFA-17A6691D4CEB}
	EndGlobalSection
EndGlobal
